
Microsoft Visual Studio Solution File, Format Version 12.00
# Visual Studio Version 16
VisualStudioVersion = 16.0.28809.33
MinimumVisualStudioVersion = 10.0.40219.1
Project("{FAE04EC0-301F-11D3-BF4B-00C04F79EFBC}") = "DAL", "DAL.csproj", "{1D2F6F55-58D0-4C4C-8955-0CC5467236D8}"
EndProject
Global
	GlobalSection(SolutionConfigurationPlatforms) = preSolution
		Debug|Any CPU = Debug|Any CPU
		Release|Any CPU = Release|Any CPU
	EndGlobalSection
	GlobalSection(ProjectConfigurationPlatforms) = postSolution
		{1D2F6F55-58D0-4C4C-8955-0CC5467236D8}.Debug|Any CPU.ActiveCfg = Debug|Any CPU
		{1D2F6F55-58D0-4C4C-8955-0CC5467236D8}.Debug|Any CPU.Build.0 = Debug|Any CPU
		{1D2F6F55-58D0-4C4C-8955-0CC5467236D8}.Release|Any CPU.ActiveCfg = Release|Any CPU
		{1D2F6F55-58D0-4C4C-8955-0CC5467236D8}.Release|Any CPU.Build.0 = Release|Any CPU
	EndGlobalSection
	GlobalSection(SolutionProperties) = preSolution
		HideSolutionNode = FALSE
	EndGlobalSection
	GlobalSection(ExtensibilityGlobals) = postSolution
		SolutionGuid = {C82C4D09-AD04-447A-90A9-F8527B4D4ED4}
	EndGlobalSection
EndGlobal
